
Microsoft Visual Studio Solution File, Format Version 12.00
# Visual Studio Version 16
VisualStudioVersion = 16.0.30114.105
MinimumVisualStudioVersion = 10.0.40219.1
Project("{2150E333-8FDC-42A3-9474-1A3956D46DE8}") = "SolutionItems", "SolutionItems", "{4A4E9F59-D91B-45DB-A115-0E516A6F38AA}"
	ProjectSection(SolutionItems) = preProject
		.editorconfig = .editorconfig
		.gitignore = .gitignore
		Directory.Build.props = Directory.Build.props
		global.json = global.json
		README.md = README.md
		rules.ruleset = src/rules.ruleset
	EndProjectSection
EndProject
Project("{FAE04EC0-301F-11D3-BF4B-00C04F79EFBC}") = "Examples", "src\Examples\Examples.csproj", "{30A8988D-5FDB-4DF4-B5E8-62646194A02D}"
EndProject
Project("{FAE04EC0-301F-11D3-BF4B-00C04F79EFBC}") = "Examples.Test", "src\Examples.Test\Examples.Test.csproj", "{AF288691-5EA9-4717-AE4D-D6FD9E878B25}"
EndProject
Project("{2150E333-8FDC-42A3-9474-1A3956D46DE8}") = "0 Examples", "0 Examples", "{6F050547-A7A2-4148-8B93-54981908627E}"
EndProject
Project("{2150E333-8FDC-42A3-9474-1A3956D46DE8}") = "1 Fundamentals", "1 Fundamentals", "{4BB1E6AE-0D59-465B-8E1E-B3C262C04240}"
EndProject
Project("{FAE04EC0-301F-11D3-BF4B-00C04F79EFBC}") = "Fundamentals", "src\Fundamentals\Fundamentals.csproj", "{219CF6F5-E1E1-48DA-BDCF-41C8C6751B57}"
EndProject
Project("{FAE04EC0-301F-11D3-BF4B-00C04F79EFBC}") = "Fundamentals.Solution", "src\Fundamentals.Solution\Fundamentals.Solution.csproj", "{EC879C98-02D1-4D32-BA81-4FA4909F15C9}"
EndProject
Project("{2150E333-8FDC-42A3-9474-1A3956D46DE8}") = "2 Design", "2 Design", "{34296107-7E3C-4F7D-BFF1-18B9C1E44A77}"
EndProject
Project("{FAE04EC0-301F-11D3-BF4B-00C04F79EFBC}") = "Design", "src\Design\Design.csproj", "{BCF720A6-1307-49E1-9015-2BB0363A9D2C}"
EndProject
Project("{FAE04EC0-301F-11D3-BF4B-00C04F79EFBC}") = "Design.Test", "src\Design.Test\Design.Test.csproj", "{AB8F2097-9BCF-4F51-889D-A0F67C8A14DA}"
EndProject
Project("{2150E333-8FDC-42A3-9474-1A3956D46DE8}") = "3 ErrorHandling", "3 ErrorHandling", "{D979F2B4-351D-4DE3-BBDE-E56C56F3161E}"
EndProject
Project("{FAE04EC0-301F-11D3-BF4B-00C04F79EFBC}") = "ErrorHandling", "src\ErrorHandling.Workshop\ErrorHandling.csproj", "{A0D12084-CD13-4A37-8F1B-F603C5B62C69}"
EndProject
Project("{FAE04EC0-301F-11D3-BF4B-00C04F79EFBC}") = "ErrorHandling.Test", "src\ErrorHandling.Test.Workshop\ErrorHandling.Test.csproj", "{B20B2ACD-8373-4C65-92A3-BFE451C94402}"
EndProject
Project("{2150E333-8FDC-42A3-9474-1A3956D46DE8}") = "4 Testing", "4 Testing", "{E0D4838B-9BFF-46BD-871E-E6475F6E1616}"
EndProject
Project("{FAE04EC0-301F-11D3-BF4B-00C04F79EFBC}") = "Testing.Sample", "src\Testing.Sample\Testing.Sample.csproj", "{C035BB11-300D-4B30-BF01-13551883A790}"
EndProject
Global
	GlobalSection(SolutionConfigurationPlatforms) = preSolution
		Debug|Any CPU = Debug|Any CPU
		Release|Any CPU = Release|Any CPU
	EndGlobalSection
	GlobalSection(ProjectConfigurationPlatforms) = postSolution
		{30A8988D-5FDB-4DF4-B5E8-62646194A02D}.Debug|Any CPU.ActiveCfg = Debug|Any CPU
		{30A8988D-5FDB-4DF4-B5E8-62646194A02D}.Debug|Any CPU.Build.0 = Debug|Any CPU
		{30A8988D-5FDB-4DF4-B5E8-62646194A02D}.Release|Any CPU.ActiveCfg = Release|Any CPU
		{30A8988D-5FDB-4DF4-B5E8-62646194A02D}.Release|Any CPU.Build.0 = Release|Any CPU
		{AF288691-5EA9-4717-AE4D-D6FD9E878B25}.Debug|Any CPU.ActiveCfg = Debug|Any CPU
		{AF288691-5EA9-4717-AE4D-D6FD9E878B25}.Debug|Any CPU.Build.0 = Debug|Any CPU
		{AF288691-5EA9-4717-AE4D-D6FD9E878B25}.Release|Any CPU.ActiveCfg = Release|Any CPU
		{AF288691-5EA9-4717-AE4D-D6FD9E878B25}.Release|Any CPU.Build.0 = Release|Any CPU
		{219CF6F5-E1E1-48DA-BDCF-41C8C6751B57}.Debug|Any CPU.ActiveCfg = Debug|Any CPU
		{219CF6F5-E1E1-48DA-BDCF-41C8C6751B57}.Debug|Any CPU.Build.0 = Debug|Any CPU
		{219CF6F5-E1E1-48DA-BDCF-41C8C6751B57}.Release|Any CPU.ActiveCfg = Release|Any CPU
		{219CF6F5-E1E1-48DA-BDCF-41C8C6751B57}.Release|Any CPU.Build.0 = Release|Any CPU
		{EC879C98-02D1-4D32-BA81-4FA4909F15C9}.Debug|Any CPU.ActiveCfg = Debug|Any CPU
		{EC879C98-02D1-4D32-BA81-4FA4909F15C9}.Debug|Any CPU.Build.0 = Debug|Any CPU
		{EC879C98-02D1-4D32-BA81-4FA4909F15C9}.Release|Any CPU.ActiveCfg = Release|Any CPU
		{EC879C98-02D1-4D32-BA81-4FA4909F15C9}.Release|Any CPU.Build.0 = Release|Any CPU
		{BCF720A6-1307-49E1-9015-2BB0363A9D2C}.Debug|Any CPU.ActiveCfg = Debug|Any CPU
		{BCF720A6-1307-49E1-9015-2BB0363A9D2C}.Debug|Any CPU.Build.0 = Debug|Any CPU
		{BCF720A6-1307-49E1-9015-2BB0363A9D2C}.Release|Any CPU.ActiveCfg = Release|Any CPU
		{BCF720A6-1307-49E1-9015-2BB0363A9D2C}.Release|Any CPU.Build.0 = Release|Any CPU
		{AB8F2097-9BCF-4F51-889D-A0F67C8A14DA}.Debug|Any CPU.ActiveCfg = Debug|Any CPU
		{AB8F2097-9BCF-4F51-889D-A0F67C8A14DA}.Debug|Any CPU.Build.0 = Debug|Any CPU
		{AB8F2097-9BCF-4F51-889D-A0F67C8A14DA}.Release|Any CPU.ActiveCfg = Release|Any CPU
		{AB8F2097-9BCF-4F51-889D-A0F67C8A14DA}.Release|Any CPU.Build.0 = Release|Any CPU
		{A0D12084-CD13-4A37-8F1B-F603C5B62C69}.Debug|Any CPU.ActiveCfg = Debug|Any CPU
		{A0D12084-CD13-4A37-8F1B-F603C5B62C69}.Debug|Any CPU.Build.0 = Debug|Any CPU
		{A0D12084-CD13-4A37-8F1B-F603C5B62C69}.Release|Any CPU.ActiveCfg = Release|Any CPU
		{A0D12084-CD13-4A37-8F1B-F603C5B62C69}.Release|Any CPU.Build.0 = Release|Any CPU
		{B20B2ACD-8373-4C65-92A3-BFE451C94402}.Debug|Any CPU.ActiveCfg = Debug|Any CPU
		{B20B2ACD-8373-4C65-92A3-BFE451C94402}.Debug|Any CPU.Build.0 = Debug|Any CPU
		{B20B2ACD-8373-4C65-92A3-BFE451C94402}.Release|Any CPU.ActiveCfg = Release|Any CPU
		{B20B2ACD-8373-4C65-92A3-BFE451C94402}.Release|Any CPU.Build.0 = Release|Any CPU
		{C035BB11-300D-4B30-BF01-13551883A790}.Debug|Any CPU.ActiveCfg = Debug|Any CPU
		{C035BB11-300D-4B30-BF01-13551883A790}.Debug|Any CPU.Build.0 = Debug|Any CPU
		{C035BB11-300D-4B30-BF01-13551883A790}.Release|Any CPU.ActiveCfg = Release|Any CPU
		{C035BB11-300D-4B30-BF01-13551883A790}.Release|Any CPU.Build.0 = Release|Any CPU
	EndGlobalSection
	GlobalSection(SolutionProperties) = preSolution
		HideSolutionNode = FALSE
	EndGlobalSection
	GlobalSection(ExtensibilityGlobals) = postSolution
		SolutionGuid = {6A74EFC0-1537-4362-B314-B7F8E4CA4DD3}
	EndGlobalSection
	GlobalSection(NestedProjects) = preSolution
		{30A8988D-5FDB-4DF4-B5E8-62646194A02D} = {6F050547-A7A2-4148-8B93-54981908627E}
		{AF288691-5EA9-4717-AE4D-D6FD9E878B25} = {6F050547-A7A2-4148-8B93-54981908627E}
		{219CF6F5-E1E1-48DA-BDCF-41C8C6751B57} = {4BB1E6AE-0D59-465B-8E1E-B3C262C04240}
		{EC879C98-02D1-4D32-BA81-4FA4909F15C9} = {4BB1E6AE-0D59-465B-8E1E-B3C262C04240}
		{BCF720A6-1307-49E1-9015-2BB0363A9D2C} = {34296107-7E3C-4F7D-BFF1-18B9C1E44A77}
		{AB8F2097-9BCF-4F51-889D-A0F67C8A14DA} = {34296107-7E3C-4F7D-BFF1-18B9C1E44A77}
		{A0D12084-CD13-4A37-8F1B-F603C5B62C69} = {D979F2B4-351D-4DE3-BBDE-E56C56F3161E}
		{B20B2ACD-8373-4C65-92A3-BFE451C94402} = {D979F2B4-351D-4DE3-BBDE-E56C56F3161E}
		{C035BB11-300D-4B30-BF01-13551883A790} = {E0D4838B-9BFF-46BD-871E-E6475F6E1616}
	EndGlobalSection
EndGlobal
