
Microsoft Visual Studio Solution File, Format Version 12.00
# Visual Studio Version 16
VisualStudioVersion = 16.0.30114.105
MinimumVisualStudioVersion = 10.0.40219.1
Project("{2150E333-8FDC-42A3-9474-1A3956D46DE8}") = "SolutionItems", "SolutionItems", "{4A4E9F59-D91B-45DB-A115-0E516A6F38AA}"
	ProjectSection(SolutionItems) = preProject
		.editorconfig = .editorconfig
		.gitignore = .gitignore
		Directory.Build.props = Directory.Build.props
		global.json = global.json
		README.md = README.md
		rules.ruleset = src/rules.ruleset
	EndProjectSection
EndProject
Project("{2150E333-8FDC-42A3-9474-1A3956D46DE8}") = "2 Design", "2 Design", "{34296107-7E3C-4F7D-BFF1-18B9C1E44A77}"
EndProject
Project("{FAE04EC0-301F-11D3-BF4B-00C04F79EFBC}") = "Design", "src\Design\Design.csproj", "{BCF720A6-1307-49E1-9015-2BB0363A9D2C}"
EndProject
Project("{FAE04EC0-301F-11D3-BF4B-00C04F79EFBC}") = "Design.Test", "src\Design.Test\Design.Test.csproj", "{AB8F2097-9BCF-4F51-889D-A0F67C8A14DA}"
EndProject
Project("{2150E333-8FDC-42A3-9474-1A3956D46DE8}") = "5 Example project structure", "5 Example project structure", "{6C3B1A36-CF19-4E8A-94A0-35FB5D9D17DF}"
EndProject
Project("{FAE04EC0-301F-11D3-BF4B-00C04F79EFBC}") = "Core", "src\ExampleProjectStructure\Core\Core.csproj", "{7CAB0764-A07C-4922-92D9-7251B3172D95}"
EndProject
Project("{FAE04EC0-301F-11D3-BF4B-00C04F79EFBC}") = "Database.InMemory", "src\ExampleProjectStructure\Database.InMemory\Database.InMemory.csproj", "{1ADAC064-3CCA-4ADA-8E21-ED7C89E76DDC}"
EndProject
Project("{FAE04EC0-301F-11D3-BF4B-00C04F79EFBC}") = "Parsing.Extensions", "src\ExampleProjectStructure\Parsing.Extensions\Parsing.Extensions.csproj", "{F639D7F0-6C7A-428A-8578-D4A0CAAAED33}"
EndProject
Project("{FAE04EC0-301F-11D3-BF4B-00C04F79EFBC}") = "ServiceHost", "src\ExampleProjectStructure\ServiceHost\ServiceHost.csproj", "{BE853C93-24BA-4425-B97F-F61D48B92A01}"
EndProject
Global
	GlobalSection(SolutionConfigurationPlatforms) = preSolution
		Debug|Any CPU = Debug|Any CPU
		Release|Any CPU = Release|Any CPU
	EndGlobalSection
	GlobalSection(ProjectConfigurationPlatforms) = postSolution
		{BCF720A6-1307-49E1-9015-2BB0363A9D2C}.Debug|Any CPU.ActiveCfg = Debug|Any CPU
		{BCF720A6-1307-49E1-9015-2BB0363A9D2C}.Debug|Any CPU.Build.0 = Debug|Any CPU
		{BCF720A6-1307-49E1-9015-2BB0363A9D2C}.Release|Any CPU.ActiveCfg = Release|Any CPU
		{BCF720A6-1307-49E1-9015-2BB0363A9D2C}.Release|Any CPU.Build.0 = Release|Any CPU
		{AB8F2097-9BCF-4F51-889D-A0F67C8A14DA}.Debug|Any CPU.ActiveCfg = Debug|Any CPU
		{AB8F2097-9BCF-4F51-889D-A0F67C8A14DA}.Debug|Any CPU.Build.0 = Debug|Any CPU
		{AB8F2097-9BCF-4F51-889D-A0F67C8A14DA}.Release|Any CPU.ActiveCfg = Release|Any CPU
		{AB8F2097-9BCF-4F51-889D-A0F67C8A14DA}.Release|Any CPU.Build.0 = Release|Any CPU
		{7CAB0764-A07C-4922-92D9-7251B3172D95}.Debug|Any CPU.ActiveCfg = Debug|Any CPU
		{7CAB0764-A07C-4922-92D9-7251B3172D95}.Debug|Any CPU.Build.0 = Debug|Any CPU
		{7CAB0764-A07C-4922-92D9-7251B3172D95}.Release|Any CPU.ActiveCfg = Release|Any CPU
		{7CAB0764-A07C-4922-92D9-7251B3172D95}.Release|Any CPU.Build.0 = Release|Any CPU
		{1ADAC064-3CCA-4ADA-8E21-ED7C89E76DDC}.Debug|Any CPU.ActiveCfg = Debug|Any CPU
		{1ADAC064-3CCA-4ADA-8E21-ED7C89E76DDC}.Debug|Any CPU.Build.0 = Debug|Any CPU
		{1ADAC064-3CCA-4ADA-8E21-ED7C89E76DDC}.Release|Any CPU.ActiveCfg = Release|Any CPU
		{1ADAC064-3CCA-4ADA-8E21-ED7C89E76DDC}.Release|Any CPU.Build.0 = Release|Any CPU
		{F639D7F0-6C7A-428A-8578-D4A0CAAAED33}.Debug|Any CPU.ActiveCfg = Debug|Any CPU
		{F639D7F0-6C7A-428A-8578-D4A0CAAAED33}.Debug|Any CPU.Build.0 = Debug|Any CPU
		{F639D7F0-6C7A-428A-8578-D4A0CAAAED33}.Release|Any CPU.ActiveCfg = Release|Any CPU
		{F639D7F0-6C7A-428A-8578-D4A0CAAAED33}.Release|Any CPU.Build.0 = Release|Any CPU
		{BE853C93-24BA-4425-B97F-F61D48B92A01}.Debug|Any CPU.ActiveCfg = Debug|Any CPU
		{BE853C93-24BA-4425-B97F-F61D48B92A01}.Debug|Any CPU.Build.0 = Debug|Any CPU
		{BE853C93-24BA-4425-B97F-F61D48B92A01}.Release|Any CPU.ActiveCfg = Release|Any CPU
		{BE853C93-24BA-4425-B97F-F61D48B92A01}.Release|Any CPU.Build.0 = Release|Any CPU
	EndGlobalSection
	GlobalSection(SolutionProperties) = preSolution
		HideSolutionNode = FALSE
	EndGlobalSection
	GlobalSection(ExtensibilityGlobals) = postSolution
		SolutionGuid = {6A74EFC0-1537-4362-B314-B7F8E4CA4DD3}
	EndGlobalSection
	GlobalSection(NestedProjects) = preSolution
		{BCF720A6-1307-49E1-9015-2BB0363A9D2C} = {34296107-7E3C-4F7D-BFF1-18B9C1E44A77}
		{AB8F2097-9BCF-4F51-889D-A0F67C8A14DA} = {34296107-7E3C-4F7D-BFF1-18B9C1E44A77}
		{7CAB0764-A07C-4922-92D9-7251B3172D95} = {6C3B1A36-CF19-4E8A-94A0-35FB5D9D17DF}
		{1ADAC064-3CCA-4ADA-8E21-ED7C89E76DDC} = {6C3B1A36-CF19-4E8A-94A0-35FB5D9D17DF}
		{F639D7F0-6C7A-428A-8578-D4A0CAAAED33} = {6C3B1A36-CF19-4E8A-94A0-35FB5D9D17DF}
		{BE853C93-24BA-4425-B97F-F61D48B92A01} = {6C3B1A36-CF19-4E8A-94A0-35FB5D9D17DF}
	EndGlobalSection
EndGlobal
